
Microsoft Visual Studio Solution File, Format Version 12.00
# Visual Studio 15
VisualStudioVersion = 15.0.28010.2019
MinimumVisualStudioVersion = 10.0.40219.1
Project("{FAE04EC0-301F-11D3-BF4B-00C04F79EFBC}") = "ASPHomework", "ASPHomework\ASPHomework.csproj", "{BF62B703-34F4-4F66-AB68-255E7CAC3C34}"
EndProject
Global
	GlobalSection(SolutionConfigurationPlatforms) = preSolution
		Debug|Any CPU = Debug|Any CPU
		Release|Any CPU = Release|Any CPU
	EndGlobalSection
	GlobalSection(ProjectConfigurationPlatforms) = postSolution
		{BF62B703-34F4-4F66-AB68-255E7CAC3C34}.Debug|Any CPU.ActiveCfg = Debug|Any CPU
		{BF62B703-34F4-4F66-AB68-255E7CAC3C34}.Debug|Any CPU.Build.0 = Debug|Any CPU
		{BF62B703-34F4-4F66-AB68-255E7CAC3C34}.Release|Any CPU.ActiveCfg = Release|Any CPU
		{BF62B703-34F4-4F66-AB68-255E7CAC3C34}.Release|Any CPU.Build.0 = Release|Any CPU
	EndGlobalSection
	GlobalSection(SolutionProperties) = preSolution
		HideSolutionNode = FALSE
	EndGlobalSection
	GlobalSection(ExtensibilityGlobals) = postSolution
		SolutionGuid = {6FFD3DCB-C5DC-4B1A-9469-7EE5DCAA8FC4}
	EndGlobalSection
EndGlobal
